
Microsoft Visual Studio Solution File, Format Version 12.00
# Visual Studio Version 16
VisualStudioVersion = 16.0.29806.167
MinimumVisualStudioVersion = 10.0.40219.1
Project("{2150E333-8FDC-42A3-9474-1A3956D46DE8}") = "src", "src", "{214557B4-B618-4E1D-8A17-B552A55885A5}"
EndProject
Project("{2150E333-8FDC-42A3-9474-1A3956D46DE8}") = "services", "services", "{21276565-E44C-4DB8-B371-795C2BE49C94}"
EndProject
Project("{2150E333-8FDC-42A3-9474-1A3956D46DE8}") = "web", "web", "{FBA8C2C8-BC80-40AD-8FC0-B1CD415D66A8}"
	ProjectSection(SolutionItems) = preProject
		.dockerignore = .dockerignore
	EndProjectSection
EndProject
Project("{9A19103F-16F7-4668-BE54-9A1E7A4F7556}") = "ServiceCatalogApi", "ServiceCatalogApi\ServiceCatalogApi.csproj", "{E43C4C3D-1270-4984-90E0-98296BB96059}"
EndProject
Project("{E53339B2-1760-4266-BCC7-CA923CBCF16C}") = "docker-compose", "docker-compose.dcproj", "{141C651A-43CC-41B5-BC87-5BE5750F991F}"
EndProject
Project("{9A19103F-16F7-4668-BE54-9A1E7A4F7556}") = "WebMVC", "WebMVC\WebMVC.csproj", "{D6C468A5-16F0-4C6C-8ED3-A421FB7A091B}"
EndProject
Project("{9A19103F-16F7-4668-BE54-9A1E7A4F7556}") = "TokenServiceApi", "TokenServiceApi\TokenServiceApi.csproj", "{625D9295-56E7-4947-BC4A-3904031DFFD0}"
EndProject
Project("{9A19103F-16F7-4668-BE54-9A1E7A4F7556}") = "CartApi", "CartApi\CartApi.csproj", "{6131AB39-6647-4277-9C02-382852C9F819}"
EndProject
Project("{9A19103F-16F7-4668-BE54-9A1E7A4F7556}") = "OrderApi", "OrderApi\OrderApi.csproj", "{A741C8D5-492C-40EC-8EC1-915DEBE48518}"
EndProject
Global
	GlobalSection(SolutionConfigurationPlatforms) = preSolution
		Debug|Any CPU = Debug|Any CPU
		Release|Any CPU = Release|Any CPU
	EndGlobalSection
	GlobalSection(ProjectConfigurationPlatforms) = postSolution
		{E43C4C3D-1270-4984-90E0-98296BB96059}.Debug|Any CPU.ActiveCfg = Debug|Any CPU
		{E43C4C3D-1270-4984-90E0-98296BB96059}.Debug|Any CPU.Build.0 = Debug|Any CPU
		{E43C4C3D-1270-4984-90E0-98296BB96059}.Release|Any CPU.ActiveCfg = Release|Any CPU
		{E43C4C3D-1270-4984-90E0-98296BB96059}.Release|Any CPU.Build.0 = Release|Any CPU
		{141C651A-43CC-41B5-BC87-5BE5750F991F}.Debug|Any CPU.ActiveCfg = Debug|Any CPU
		{141C651A-43CC-41B5-BC87-5BE5750F991F}.Debug|Any CPU.Build.0 = Debug|Any CPU
		{141C651A-43CC-41B5-BC87-5BE5750F991F}.Release|Any CPU.ActiveCfg = Release|Any CPU
		{141C651A-43CC-41B5-BC87-5BE5750F991F}.Release|Any CPU.Build.0 = Release|Any CPU
		{D6C468A5-16F0-4C6C-8ED3-A421FB7A091B}.Debug|Any CPU.ActiveCfg = Debug|Any CPU
		{D6C468A5-16F0-4C6C-8ED3-A421FB7A091B}.Debug|Any CPU.Build.0 = Debug|Any CPU
		{D6C468A5-16F0-4C6C-8ED3-A421FB7A091B}.Release|Any CPU.ActiveCfg = Release|Any CPU
		{D6C468A5-16F0-4C6C-8ED3-A421FB7A091B}.Release|Any CPU.Build.0 = Release|Any CPU
		{625D9295-56E7-4947-BC4A-3904031DFFD0}.Debug|Any CPU.ActiveCfg = Debug|Any CPU
		{625D9295-56E7-4947-BC4A-3904031DFFD0}.Debug|Any CPU.Build.0 = Debug|Any CPU
		{625D9295-56E7-4947-BC4A-3904031DFFD0}.Release|Any CPU.ActiveCfg = Release|Any CPU
		{625D9295-56E7-4947-BC4A-3904031DFFD0}.Release|Any CPU.Build.0 = Release|Any CPU
		{6131AB39-6647-4277-9C02-382852C9F819}.Debug|Any CPU.ActiveCfg = Debug|Any CPU
		{6131AB39-6647-4277-9C02-382852C9F819}.Debug|Any CPU.Build.0 = Debug|Any CPU
		{6131AB39-6647-4277-9C02-382852C9F819}.Release|Any CPU.ActiveCfg = Release|Any CPU
		{6131AB39-6647-4277-9C02-382852C9F819}.Release|Any CPU.Build.0 = Release|Any CPU
		{A741C8D5-492C-40EC-8EC1-915DEBE48518}.Debug|Any CPU.ActiveCfg = Debug|Any CPU
		{A741C8D5-492C-40EC-8EC1-915DEBE48518}.Debug|Any CPU.Build.0 = Debug|Any CPU
		{A741C8D5-492C-40EC-8EC1-915DEBE48518}.Release|Any CPU.ActiveCfg = Release|Any CPU
		{A741C8D5-492C-40EC-8EC1-915DEBE48518}.Release|Any CPU.Build.0 = Release|Any CPU
	EndGlobalSection
	GlobalSection(SolutionProperties) = preSolution
		HideSolutionNode = FALSE
	EndGlobalSection
	GlobalSection(NestedProjects) = preSolution
		{21276565-E44C-4DB8-B371-795C2BE49C94} = {214557B4-B618-4E1D-8A17-B552A55885A5}
		{FBA8C2C8-BC80-40AD-8FC0-B1CD415D66A8} = {214557B4-B618-4E1D-8A17-B552A55885A5}
		{E43C4C3D-1270-4984-90E0-98296BB96059} = {21276565-E44C-4DB8-B371-795C2BE49C94}
		{D6C468A5-16F0-4C6C-8ED3-A421FB7A091B} = {FBA8C2C8-BC80-40AD-8FC0-B1CD415D66A8}
		{625D9295-56E7-4947-BC4A-3904031DFFD0} = {21276565-E44C-4DB8-B371-795C2BE49C94}
		{6131AB39-6647-4277-9C02-382852C9F819} = {21276565-E44C-4DB8-B371-795C2BE49C94}
		{A741C8D5-492C-40EC-8EC1-915DEBE48518} = {21276565-E44C-4DB8-B371-795C2BE49C94}
	EndGlobalSection
	GlobalSection(ExtensibilityGlobals) = postSolution
		SolutionGuid = {A0F40A7B-B96C-4027-AD62-F3642851EEA3}
	EndGlobalSection
EndGlobal
